# This file is automatically @generated by Cargo.
# It is not intended for manual editing.
version = 4

[[package]]
name = "chinese-greeter"
version = "0.1.0"
dependencies = [
 "hello-core",
]

[[package]]
name = "cli-chinese"
version = "0.1.0"
dependencies = [
 "chinese-greeter",
 "hello-core",
]

[[package]]
name = "cli-english"
version = "0.1.0"
dependencies = [
 "english-greeter",
 "hello-core",
]

[[package]]
name = "english-greeter"
version = "0.1.0"
dependencies = [
 "hello-core",
]

[[package]]
name = "hello-core"
version = "0.1.0"
